
Microsoft Visual Studio Solution File, Format Version 12.00
# Visual Studio 15
VisualStudioVersion = 15.0.28306.52
MinimumVisualStudioVersion = 10.0.40219.1
Project("{FAE04EC0-301F-11D3-BF4B-00C04F79EFBC}") = "PR5", "PR5\PR5.csproj", "{3766B88B-4319-4380-8778-F6B5EB39F807}"
EndProject
Project("{FAE04EC0-301F-11D3-BF4B-00C04F79EFBC}") = "PR51", "PR51\PR51.csproj", "{3B4AAA0F-C2F5-44E1-8198-391CB8D281D6}"
EndProject
Project("{FAE04EC0-301F-11D3-BF4B-00C04F79EFBC}") = "PR52", "PR52\PR52.csproj", "{EC6E3632-B956-43EC-9A8C-4CFA847FFBA8}"
EndProject
Project("{FAE04EC0-301F-11D3-BF4B-00C04F79EFBC}") = "PR53", "PR53\PR53.csproj", "{C6CE638F-48D4-4AD5-9200-951475E48F19}"
EndProject
Project("{FAE04EC0-301F-11D3-BF4B-00C04F79EFBC}") = "PR54", "PR54\PR54.csproj", "{FD32079C-90E9-42B6-B5BB-28C8B7845437}"
EndProject
Global
	GlobalSection(SolutionConfigurationPlatforms) = preSolution
		Debug|Any CPU = Debug|Any CPU
		Release|Any CPU = Release|Any CPU
	EndGlobalSection
	GlobalSection(ProjectConfigurationPlatforms) = postSolution
		{3766B88B-4319-4380-8778-F6B5EB39F807}.Debug|Any CPU.ActiveCfg = Debug|Any CPU
		{3766B88B-4319-4380-8778-F6B5EB39F807}.Debug|Any CPU.Build.0 = Debug|Any CPU
		{3766B88B-4319-4380-8778-F6B5EB39F807}.Release|Any CPU.ActiveCfg = Release|Any CPU
		{3766B88B-4319-4380-8778-F6B5EB39F807}.Release|Any CPU.Build.0 = Release|Any CPU
		{3B4AAA0F-C2F5-44E1-8198-391CB8D281D6}.Debug|Any CPU.ActiveCfg = Debug|Any CPU
		{3B4AAA0F-C2F5-44E1-8198-391CB8D281D6}.Debug|Any CPU.Build.0 = Debug|Any CPU
		{3B4AAA0F-C2F5-44E1-8198-391CB8D281D6}.Release|Any CPU.ActiveCfg = Release|Any CPU
		{3B4AAA0F-C2F5-44E1-8198-391CB8D281D6}.Release|Any CPU.Build.0 = Release|Any CPU
		{EC6E3632-B956-43EC-9A8C-4CFA847FFBA8}.Debug|Any CPU.ActiveCfg = Debug|Any CPU
		{EC6E3632-B956-43EC-9A8C-4CFA847FFBA8}.Debug|Any CPU.Build.0 = Debug|Any CPU
		{EC6E3632-B956-43EC-9A8C-4CFA847FFBA8}.Release|Any CPU.ActiveCfg = Release|Any CPU
		{EC6E3632-B956-43EC-9A8C-4CFA847FFBA8}.Release|Any CPU.Build.0 = Release|Any CPU
		{C6CE638F-48D4-4AD5-9200-951475E48F19}.Debug|Any CPU.ActiveCfg = Debug|Any CPU
		{C6CE638F-48D4-4AD5-9200-951475E48F19}.Debug|Any CPU.Build.0 = Debug|Any CPU
		{C6CE638F-48D4-4AD5-9200-951475E48F19}.Release|Any CPU.ActiveCfg = Release|Any CPU
		{C6CE638F-48D4-4AD5-9200-951475E48F19}.Release|Any CPU.Build.0 = Release|Any CPU
		{FD32079C-90E9-42B6-B5BB-28C8B7845437}.Debug|Any CPU.ActiveCfg = Debug|Any CPU
		{FD32079C-90E9-42B6-B5BB-28C8B7845437}.Debug|Any CPU.Build.0 = Debug|Any CPU
		{FD32079C-90E9-42B6-B5BB-28C8B7845437}.Release|Any CPU.ActiveCfg = Release|Any CPU
		{FD32079C-90E9-42B6-B5BB-28C8B7845437}.Release|Any CPU.Build.0 = Release|Any CPU
	EndGlobalSection
	GlobalSection(SolutionProperties) = preSolution
		HideSolutionNode = FALSE
	EndGlobalSection
	GlobalSection(ExtensibilityGlobals) = postSolution
		SolutionGuid = {4A045C3F-ADF7-407E-86E2-CD3A0CF71A6D}
	EndGlobalSection
EndGlobal
