
Microsoft Visual Studio Solution File, Format Version 12.00
# Visual Studio 15
VisualStudioVersion = 15.0.28306.52
MinimumVisualStudioVersion = 10.0.40219.1
Project("{FAE04EC0-301F-11D3-BF4B-00C04F79EFBC}") = "PR31", "PR31\PR31.csproj", "{D108B52E-ACBF-43C4-9AA9-BA2639E0B359}"
EndProject
Project("{FAE04EC0-301F-11D3-BF4B-00C04F79EFBC}") = "PR32", "PR32\PR32.csproj", "{D4006F81-0158-4C7C-83B9-125582F6079A}"
EndProject
Project("{FAE04EC0-301F-11D3-BF4B-00C04F79EFBC}") = "PR33", "PR33\PR33.csproj", "{D886FF2A-139F-49DA-BB78-617A9052C721}"
EndProject
Project("{FAE04EC0-301F-11D3-BF4B-00C04F79EFBC}") = "PR3", "PR3\PR3.csproj", "{950BDCFE-475A-416D-8176-AFAF0CEF320D}"
EndProject
Project("{FAE04EC0-301F-11D3-BF4B-00C04F79EFBC}") = "PR34", "PR34\PR34.csproj", "{29A8E458-939D-4F34-BC18-269FFBCBD383}"
EndProject
Project("{FAE04EC0-301F-11D3-BF4B-00C04F79EFBC}") = "PR35", "PR35\PR35.csproj", "{9C8B6FC2-27FD-4AE2-835D-BA85D9110C62}"
EndProject
Global
	GlobalSection(SolutionConfigurationPlatforms) = preSolution
		Debug|Any CPU = Debug|Any CPU
		Release|Any CPU = Release|Any CPU
	EndGlobalSection
	GlobalSection(ProjectConfigurationPlatforms) = postSolution
		{D108B52E-ACBF-43C4-9AA9-BA2639E0B359}.Debug|Any CPU.ActiveCfg = Debug|Any CPU
		{D108B52E-ACBF-43C4-9AA9-BA2639E0B359}.Debug|Any CPU.Build.0 = Debug|Any CPU
		{D108B52E-ACBF-43C4-9AA9-BA2639E0B359}.Release|Any CPU.ActiveCfg = Release|Any CPU
		{D108B52E-ACBF-43C4-9AA9-BA2639E0B359}.Release|Any CPU.Build.0 = Release|Any CPU
		{D4006F81-0158-4C7C-83B9-125582F6079A}.Debug|Any CPU.ActiveCfg = Debug|Any CPU
		{D4006F81-0158-4C7C-83B9-125582F6079A}.Debug|Any CPU.Build.0 = Debug|Any CPU
		{D4006F81-0158-4C7C-83B9-125582F6079A}.Release|Any CPU.ActiveCfg = Release|Any CPU
		{D4006F81-0158-4C7C-83B9-125582F6079A}.Release|Any CPU.Build.0 = Release|Any CPU
		{D886FF2A-139F-49DA-BB78-617A9052C721}.Debug|Any CPU.ActiveCfg = Debug|Any CPU
		{D886FF2A-139F-49DA-BB78-617A9052C721}.Debug|Any CPU.Build.0 = Debug|Any CPU
		{D886FF2A-139F-49DA-BB78-617A9052C721}.Release|Any CPU.ActiveCfg = Release|Any CPU
		{D886FF2A-139F-49DA-BB78-617A9052C721}.Release|Any CPU.Build.0 = Release|Any CPU
		{950BDCFE-475A-416D-8176-AFAF0CEF320D}.Debug|Any CPU.ActiveCfg = Debug|Any CPU
		{950BDCFE-475A-416D-8176-AFAF0CEF320D}.Debug|Any CPU.Build.0 = Debug|Any CPU
		{950BDCFE-475A-416D-8176-AFAF0CEF320D}.Release|Any CPU.ActiveCfg = Release|Any CPU
		{950BDCFE-475A-416D-8176-AFAF0CEF320D}.Release|Any CPU.Build.0 = Release|Any CPU
		{29A8E458-939D-4F34-BC18-269FFBCBD383}.Debug|Any CPU.ActiveCfg = Debug|Any CPU
		{29A8E458-939D-4F34-BC18-269FFBCBD383}.Debug|Any CPU.Build.0 = Debug|Any CPU
		{29A8E458-939D-4F34-BC18-269FFBCBD383}.Release|Any CPU.ActiveCfg = Release|Any CPU
		{29A8E458-939D-4F34-BC18-269FFBCBD383}.Release|Any CPU.Build.0 = Release|Any CPU
		{9C8B6FC2-27FD-4AE2-835D-BA85D9110C62}.Debug|Any CPU.ActiveCfg = Debug|Any CPU
		{9C8B6FC2-27FD-4AE2-835D-BA85D9110C62}.Debug|Any CPU.Build.0 = Debug|Any CPU
		{9C8B6FC2-27FD-4AE2-835D-BA85D9110C62}.Release|Any CPU.ActiveCfg = Release|Any CPU
		{9C8B6FC2-27FD-4AE2-835D-BA85D9110C62}.Release|Any CPU.Build.0 = Release|Any CPU
	EndGlobalSection
	GlobalSection(SolutionProperties) = preSolution
		HideSolutionNode = FALSE
	EndGlobalSection
	GlobalSection(ExtensibilityGlobals) = postSolution
		SolutionGuid = {BED4202D-565E-4D9F-9B51-98913E9D5030}
	EndGlobalSection
EndGlobal
