
Microsoft Visual Studio Solution File, Format Version 12.00
# Visual Studio 15
VisualStudioVersion = 15.0.28306.52
MinimumVisualStudioVersion = 10.0.40219.1
Project("{FAE04EC0-301F-11D3-BF4B-00C04F79EFBC}") = "PR4", "PR4\PR4.csproj", "{469F27EF-35E2-4546-BBD0-DFD51001D9C7}"
EndProject
Project("{FAE04EC0-301F-11D3-BF4B-00C04F79EFBC}") = "PR41", "PR41\PR41.csproj", "{BF560D87-B49A-41A9-98A1-02D4E9A6D2C0}"
EndProject
Project("{FAE04EC0-301F-11D3-BF4B-00C04F79EFBC}") = "PR42", "PR42\PR42.csproj", "{A3D562B2-C9D4-454F-B36B-B6A0266F9EF7}"
EndProject
Global
	GlobalSection(SolutionConfigurationPlatforms) = preSolution
		Debug|Any CPU = Debug|Any CPU
		Release|Any CPU = Release|Any CPU
	EndGlobalSection
	GlobalSection(ProjectConfigurationPlatforms) = postSolution
		{469F27EF-35E2-4546-BBD0-DFD51001D9C7}.Debug|Any CPU.ActiveCfg = Debug|Any CPU
		{469F27EF-35E2-4546-BBD0-DFD51001D9C7}.Debug|Any CPU.Build.0 = Debug|Any CPU
		{469F27EF-35E2-4546-BBD0-DFD51001D9C7}.Release|Any CPU.ActiveCfg = Release|Any CPU
		{469F27EF-35E2-4546-BBD0-DFD51001D9C7}.Release|Any CPU.Build.0 = Release|Any CPU
		{BF560D87-B49A-41A9-98A1-02D4E9A6D2C0}.Debug|Any CPU.ActiveCfg = Debug|Any CPU
		{BF560D87-B49A-41A9-98A1-02D4E9A6D2C0}.Debug|Any CPU.Build.0 = Debug|Any CPU
		{BF560D87-B49A-41A9-98A1-02D4E9A6D2C0}.Release|Any CPU.ActiveCfg = Release|Any CPU
		{BF560D87-B49A-41A9-98A1-02D4E9A6D2C0}.Release|Any CPU.Build.0 = Release|Any CPU
		{A3D562B2-C9D4-454F-B36B-B6A0266F9EF7}.Debug|Any CPU.ActiveCfg = Debug|Any CPU
		{A3D562B2-C9D4-454F-B36B-B6A0266F9EF7}.Debug|Any CPU.Build.0 = Debug|Any CPU
		{A3D562B2-C9D4-454F-B36B-B6A0266F9EF7}.Release|Any CPU.ActiveCfg = Release|Any CPU
		{A3D562B2-C9D4-454F-B36B-B6A0266F9EF7}.Release|Any CPU.Build.0 = Release|Any CPU
	EndGlobalSection
	GlobalSection(SolutionProperties) = preSolution
		HideSolutionNode = FALSE
	EndGlobalSection
	GlobalSection(ExtensibilityGlobals) = postSolution
		SolutionGuid = {CC5E7A79-B2AA-4EC0-A6D0-6296961D966C}
	EndGlobalSection
EndGlobal
